// !$*UTF8*$!
{
	archiveVersion = 1;
	classes = {
	};
	objectVersion = 51;
	objects = {

/* Begin PBXBuildFile section */
		2B4048CAD5C8823C4E82D03E /* Pods_TesseractKZ.framework in Frameworks */ = {isa = PBXBuildFile; fileRef = 0C23F4D395862ADEA687288A /* Pods_TesseractKZ.framework */; };
		CB6A57BF24337B9900E88B07 /* tessdata in Resources */ = {isa = PBXBuildFile; fileRef = CB6A57BE24337B9900E88B07 /* tessdata */; };
		CBCEDCD324337D2F005A00B0 /* RootView.swift in Sources */ = {isa = PBXBuildFile; fileRef = CBCEDCD224337D2F005A00B0 /* RootView.swift */; };
		CBE571D324337635006C5DFC /* AppDelegate.swift in Sources */ = {isa = PBXBuildFile; fileRef = CBE571D224337635006C5DFC /* AppDelegate.swift */; };
		CBE571DC24337639006C5DFC /* Assets.xcassets in Resources */ = {isa = PBXBuildFile; fileRef = CBE571DB24337639006C5DFC /* Assets.xcassets */; };
		CBE571DF24337639006C5DFC /* LaunchScreen.storyboard in Resources */ = {isa = PBXBuildFile; fileRef = CBE571DD24337639006C5DFC /* LaunchScreen.storyboard */; };
		CBE571E72433769B006C5DFC /* TestViewController.swift in Sources */ = {isa = PBXBuildFile; fileRef = CBE571E62433769B006C5DFC /* TestViewController.swift */; };
/* End PBXBuildFile section */

/* Begin PBXFileReference section */
		0C23F4D395862ADEA687288A /* Pods_TesseractKZ.framework */ = {isa = PBXFileReference; explicitFileType = wrapper.framework; includeInIndex = 0; path = Pods_TesseractKZ.framework; sourceTree = BUILT_PRODUCTS_DIR; };
		667C8E9ABE8804FBD407FD09 /* Pods-TesseractKZ.debug.xcconfig */ = {isa = PBXFileReference; includeInIndex = 1; lastKnownFileType = text.xcconfig; name = "Pods-TesseractKZ.debug.xcconfig"; path = "Target Support Files/Pods-TesseractKZ/Pods-TesseractKZ.debug.xcconfig"; sourceTree = "<group>"; };
		CB6A57BE24337B9900E88B07 /* tessdata */ = {isa = PBXFileReference; lastKnownFileType = folder; path = tessdata; sourceTree = "<group>"; };
		CBCEDCD224337D2F005A00B0 /* RootView.swift */ = {isa = PBXFileReference; lastKnownFileType = sourcecode.swift; path = RootView.swift; sourceTree = "<group>"; };
		CBE571CF24337635006C5DFC /* TesseractKZ.app */ = {isa = PBXFileReference; explicitFileType = wrapper.application; includeInIndex = 0; path = TesseractKZ.app; sourceTree = BUILT_PRODUCTS_DIR; };
		CBE571D224337635006C5DFC /* AppDelegate.swift */ = {isa = PBXFileReference; lastKnownFileType = sourcecode.swift; path = AppDelegate.swift; sourceTree = "<group>"; };
		CBE571DB24337639006C5DFC /* Assets.xcassets */ = {isa = PBXFileReference; lastKnownFileType = folder.assetcatalog; path = Assets.xcassets; sourceTree = "<group>"; };
		CBE571DE24337639006C5DFC /* Base */ = {isa = PBXFileReference; lastKnownFileType = file.storyboard; name = Base; path = Base.lproj/LaunchScreen.storyboard; sourceTree = "<group>"; };
		CBE571E024337639006C5DFC /* Info.plist */ = {isa = PBXFileReference; lastKnownFileType = text.plist.xml; path = Info.plist; sourceTree = "<group>"; };
		CBE571E62433769B006C5DFC /* TestViewController.swift */ = {isa = PBXFileReference; lastKnownFileType = sourcecode.swift; path = TestViewController.swift; sourceTree = "<group>"; };
		DF0CC2A099C3C01761B7F3BC /* Pods-TesseractKZ.release.xcconfig */ = {isa = PBXFileReference; includeInIndex = 1; lastKnownFileType = text.xcconfig; name = "Pods-TesseractKZ.release.xcconfig"; path = "Target Support Files/Pods-TesseractKZ/Pods-TesseractKZ.release.xcconfig"; sourceTree = "<group>"; };
/* End PBXFileReference section */

/* Begin PBXFrameworksBuildPhase section */
		CBE571CC24337635006C5DFC /* Frameworks */ = {
			isa = PBXFrameworksBuildPhase;
			buildActionMask = 2147483647;
			files = (
				2B4048CAD5C8823C4E82D03E /* Pods_TesseractKZ.framework in Frameworks */,
			);
			runOnlyForDeploymentPostprocessing = 0;
		};
/* End PBXFrameworksBuildPhase section */

/* Begin PBXGroup section */
		06F3D22ADEC9564D3E148DFE /* Pods */ = {
			isa = PBXGroup;
			children = (
				667C8E9ABE8804FBD407FD09 /* Pods-TesseractKZ.debug.xcconfig */,
				DF0CC2A099C3C01761B7F3BC /* Pods-TesseractKZ.release.xcconfig */,
			);
			path = Pods;
			sourceTree = "<group>";
		};
		A61C897257C8E7D76FDE542B /* Frameworks */ = {
			isa = PBXGroup;
			children = (
				0C23F4D395862ADEA687288A /* Pods_TesseractKZ.framework */,
			);
			name = Frameworks;
			sourceTree = "<group>";
		};
		CBCEDCD124337D23005A00B0 /* View */ = {
			isa = PBXGroup;
			children = (
				CBCEDCD224337D2F005A00B0 /* RootView.swift */,
			);
			path = View;
			sourceTree = "<group>";
		};
		CBE571C624337635006C5DFC = {
			isa = PBXGroup;
			children = (
				CBE571D124337635006C5DFC /* TesseractKZ */,
				CBE571D024337635006C5DFC /* Products */,
				06F3D22ADEC9564D3E148DFE /* Pods */,
				A61C897257C8E7D76FDE542B /* Frameworks */,
			);
			sourceTree = "<group>";
		};
		CBE571D024337635006C5DFC /* Products */ = {
			isa = PBXGroup;
			children = (
				CBE571CF24337635006C5DFC /* TesseractKZ.app */,
			);
			name = Products;
			sourceTree = "<group>";
		};
		CBE571D124337635006C5DFC /* TesseractKZ */ = {
			isa = PBXGroup;
			children = (
				CBE571D224337635006C5DFC /* AppDelegate.swift */,
				CBE571E024337639006C5DFC /* Info.plist */,
				CB6A57BE24337B9900E88B07 /* tessdata */,
				CBE571EA243376B2006C5DFC /* Controller */,
				CBE571E9243376AB006C5DFC /* Resource */,
				CBE571E8243376A4006C5DFC /* LaunchScreen */,
			);
			path = TesseractKZ;
			sourceTree = "<group>";
		};
		CBE571E8243376A4006C5DFC /* LaunchScreen */ = {
			isa = PBXGroup;
			children = (
				CBE571DD24337639006C5DFC /* LaunchScreen.storyboard */,
			);
			path = LaunchScreen;
			sourceTree = "<group>";
		};
		CBE571E9243376AB006C5DFC /* Resource */ = {
			isa = PBXGroup;
			children = (
				CBE571DB24337639006C5DFC /* Assets.xcassets */,
			);
			path = Resource;
			sourceTree = "<group>";
		};
		CBE571EA243376B2006C5DFC /* Controller */ = {
			isa = PBXGroup;
			children = (
				CBE571E62433769B006C5DFC /* TestViewController.swift */,
				CBCEDCD124337D23005A00B0 /* View */,
			);
			path = Controller;
			sourceTree = "<group>";
		};
/* End PBXGroup section */

/* Begin PBXNativeTarget section */
		CBE571CE24337635006C5DFC /* TesseractKZ */ = {
			isa = PBXNativeTarget;
			buildConfigurationList = CBE571E324337639006C5DFC /* Build configuration list for PBXNativeTarget "TesseractKZ" */;
			buildPhases = (
				9F27CBC17B8A355DA111FC52 /* [CP] Check Pods Manifest.lock */,
				CBE571CB24337635006C5DFC /* Sources */,
				CBE571CC24337635006C5DFC /* Frameworks */,
				CBE571CD24337635006C5DFC /* Resources */,
				10971623E6A07859D19D9439 /* [CP] Embed Pods Frameworks */,
			);
			buildRules = (
			);
			dependencies = (
			);
			name = TesseractKZ;
			productName = TesseractKZ;
			productReference = CBE571CF24337635006C5DFC /* TesseractKZ.app */;
			productType = "com.apple.product-type.application";
		};
/* End PBXNativeTarget section */

/* Begin PBXProject section */
		CBE571C724337635006C5DFC /* Project object */ = {
			isa = PBXProject;
			attributes = {
				LastSwiftUpdateCheck = 1140;
				LastUpgradeCheck = 1140;
				ORGANIZATIONNAME = "Zhenis Mutan";
				TargetAttributes = {
					CBE571CE24337635006C5DFC = {
						CreatedOnToolsVersion = 11.4;
					};
				};
			};
			buildConfigurationList = CBE571CA24337635006C5DFC /* Build configuration list for PBXProject "TesseractKZ" */;
			compatibilityVersion = "Xcode 9.3";
			developmentRegion = en;
			hasScannedForEncodings = 0;
			knownRegions = (
				en,
				Base,
			);
			mainGroup = CBE571C624337635006C5DFC;
			productRefGroup = CBE571D024337635006C5DFC /* Products */;
			projectDirPath = "";
			projectRoot = "";
			targets = (
				CBE571CE24337635006C5DFC /* TesseractKZ */,
			);
		};
/* End PBXProject section */

/* Begin PBXResourcesBuildPhase section */
		CBE571CD24337635006C5DFC /* Resources */ = {
			isa = PBXResourcesBuildPhase;
			buildActionMask = 2147483647;
			files = (
				CBE571DF24337639006C5DFC /* LaunchScreen.storyboard in Resources */,
				CBE571DC24337639006C5DFC /* Assets.xcassets in Resources */,
				CB6A57BF24337B9900E88B07 /* tessdata in Resources */,
			);
			runOnlyForDeploymentPostprocessing = 0;
		};
/* End PBXResourcesBuildPhase section */

/* Begin PBXShellScriptBuildPhase section */
		10971623E6A07859D19D9439 /* [CP] Embed Pods Frameworks */ = {
			isa = PBXShellScriptBuildPhase;
			buildActionMask = 2147483647;
			files = (
			);
			inputFileListPaths = (
				"${PODS_ROOT}/Target Support Files/Pods-TesseractKZ/Pods-TesseractKZ-frameworks-${CONFIGURATION}-input-files.xcfilelist",
			);
			name = "[CP] Embed Pods Frameworks";
			outputFileListPaths = (
				"${PODS_ROOT}/Target Support Files/Pods-TesseractKZ/Pods-TesseractKZ-frameworks-${CONFIGURATION}-output-files.xcfilelist",
			);
			runOnlyForDeploymentPostprocessing = 0;
			shellPath = /bin/sh;
			shellScript = "\"${PODS_ROOT}/Target Support Files/Pods-TesseractKZ/Pods-TesseractKZ-frameworks.sh\"\n";
			showEnvVarsInLog = 0;
		};
		9F27CBC17B8A355DA111FC52 /* [CP] Check Pods Manifest.lock */ = {
			isa = PBXShellScriptBuildPhase;
			buildActionMask = 2147483647;
			files = (
			);
			inputFileListPaths = (
			);
			inputPaths = (
				"${PODS_PODFILE_DIR_PATH}/Podfile.lock",
				"${PODS_ROOT}/Manifest.lock",
			);
			name = "[CP] Check Pods Manifest.lock";
			outputFileListPaths = (
			);
			outputPaths = (
				"$(DERIVED_FILE_DIR)/Pods-TesseractKZ-checkManifestLockResult.txt",
			);
			runOnlyForDeploymentPostprocessing = 0;
			shellPath = /bin/sh;
			shellScript = "diff \"${PODS_PODFILE_DIR_PATH}/Podfile.lock\" \"${PODS_ROOT}/Manifest.lock\" > /dev/null\nif [ $? != 0 ] ; then\n    # print error to STDERR\n    echo \"error: The sandbox is not in sync with the Podfile.lock. Run 'pod install' or update your CocoaPods installation.\" >&2\n    exit 1\nfi\n# This output is used by Xcode 'outputs' to avoid re-running this script phase.\necho \"SUCCESS\" > \"${SCRIPT_OUTPUT_FILE_0}\"\n";
			showEnvVarsInLog = 0;
		};
/* End PBXShellScriptBuildPhase section */

/* Begin PBXSourcesBuildPhase section */
		CBE571CB24337635006C5DFC /* Sources */ = {
			isa = PBXSourcesBuildPhase;
			buildActionMask = 2147483647;
			files = (
				CBE571E72433769B006C5DFC /* TestViewController.swift in Sources */,
				CBE571D324337635006C5DFC /* AppDelegate.swift in Sources */,
				CBCEDCD324337D2F005A00B0 /* RootView.swift in Sources */,
			);
			runOnlyForDeploymentPostprocessing = 0;
		};
/* End PBXSourcesBuildPhase section */

/* Begin PBXVariantGroup section */
		CBE571DD24337639006C5DFC /* LaunchScreen.storyboard */ = {
			isa = PBXVariantGroup;
			children = (
				CBE571DE24337639006C5DFC /* Base */,
			);
			name = LaunchScreen.storyboard;
			sourceTree = "<group>";
		};
/* End PBXVariantGroup section */

/* Begin XCBuildConfiguration section */
		CBE571E124337639006C5DFC /* Debug */ = {
			isa = XCBuildConfiguration;
			buildSettings = {
				ALWAYS_SEARCH_USER_PATHS = NO;
				CLANG_ANALYZER_NONNULL = YES;
				CLANG_ANALYZER_NUMBER_OBJECT_CONVERSION = YES_AGGRESSIVE;
				CLANG_CXX_LANGUAGE_STANDARD = "gnu++14";
				CLANG_CXX_LIBRARY = "libc++";
				CLANG_ENABLE_MODULES = YES;
				CLANG_ENABLE_OBJC_ARC = YES;
				CLANG_ENABLE_OBJC_WEAK = YES;
				CLANG_WARN_BLOCK_CAPTURE_AUTORELEASING = YES;
				CLANG_WARN_BOOL_CONVERSION = YES;
				CLANG_WARN_COMMA = YES;
				CLANG_WARN_CONSTANT_CONVERSION = YES;
				CLANG_WARN_DEPRECATED_OBJC_IMPLEMENTATIONS = YES;
				CLANG_WARN_DIRECT_OBJC_ISA_USAGE = YES_ERROR;
				CLANG_WARN_DOCUMENTATION_COMMENTS = YES;
				CLANG_WARN_EMPTY_BODY = YES;
				CLANG_WARN_ENUM_CONVERSION = YES;
				CLANG_WARN_INFINITE_RECURSION = YES;
				CLANG_WARN_INT_CONVERSION = YES;
				CLANG_WARN_NON_LITERAL_NULL_CONVERSION = YES;
				CLANG_WARN_OBJC_IMPLICIT_RETAIN_SELF = YES;
				CLANG_WARN_OBJC_LITERAL_CONVERSION = YES;
				CLANG_WARN_OBJC_ROOT_CLASS = YES_ERROR;
				CLANG_WARN_RANGE_LOOP_ANALYSIS = YES;
				CLANG_WARN_STRICT_PROTOTYPES = YES;
				CLANG_WARN_SUSPICIOUS_MOVE = YES;
				CLANG_WARN_UNGUARDED_AVAILABILITY = YES_AGGRESSIVE;
				CLANG_WARN_UNREACHABLE_CODE = YES;
				CLANG_WARN__DUPLICATE_METHOD_MATCH = YES;
				COPY_PHASE_STRIP = NO;
				DEBUG_INFORMATION_FORMAT = dwarf;
				ENABLE_STRICT_OBJC_MSGSEND = YES;
				ENABLE_TESTABILITY = YES;
				GCC_C_LANGUAGE_STANDARD = gnu11;
				GCC_DYNAMIC_NO_PIC = NO;
				GCC_NO_COMMON_BLOCKS = YES;
				GCC_OPTIMIZATION_LEVEL = 0;
				GCC_PREPROCESSOR_DEFINITIONS = (
					"DEBUG=1",
					"$(inherited)",
				);
				GCC_WARN_64_TO_32_BIT_CONVERSION = YES;
				GCC_WARN_ABOUT_RETURN_TYPE = YES_ERROR;
				GCC_WARN_UNDECLARED_SELECTOR = YES;
				GCC_WARN_UNINITIALIZED_AUTOS = YES_AGGRESSIVE;
				GCC_WARN_UNUSED_FUNCTION = YES;
				GCC_WARN_UNUSED_VARIABLE = YES;
				IPHONEOS_DEPLOYMENT_TARGET = 11.0;
				MTL_ENABLE_DEBUG_INFO = INCLUDE_SOURCE;
				MTL_FAST_MATH = YES;
				ONLY_ACTIVE_ARCH = YES;
				SDKROOT = iphoneos;
				SWIFT_ACTIVE_COMPILATION_CONDITIONS = DEBUG;
				SWIFT_OPTIMIZATION_LEVEL = "-Onone";
			};
			name = Debug;
		};
		CBE571E224337639006C5DFC /* Release */ = {
			isa = XCBuildConfiguration;
			buildSettings = {
				ALWAYS_SEARCH_USER_PATHS = NO;
				CLANG_ANALYZER_NONNULL = YES;
				CLANG_ANALYZER_NUMBER_OBJECT_CONVERSION = YES_AGGRESSIVE;
				CLANG_CXX_LANGUAGE_STANDARD = "gnu++14";
				CLANG_CXX_LIBRARY = "libc++";
				CLANG_ENABLE_MODULES = YES;
				CLANG_ENABLE_OBJC_ARC = YES;
				CLANG_ENABLE_OBJC_WEAK = YES;
				CLANG_WARN_BLOCK_CAPTURE_AUTORELEASING = YES;
				CLANG_WARN_BOOL_CONVERSION = YES;
				CLANG_WARN_COMMA = YES;
				CLANG_WARN_CONSTANT_CONVERSION = YES;
				CLANG_WARN_DEPRECATED_OBJC_IMPLEMENTATIONS = YES;
				CLANG_WARN_DIRECT_OBJC_ISA_USAGE = YES_ERROR;
				CLANG_WARN_DOCUMENTATION_COMMENTS = YES;
				CLANG_WARN_EMPTY_BODY = YES;
				CLANG_WARN_ENUM_CONVERSION = YES;
				CLANG_WARN_INFINITE_RECURSION = YES;
				CLANG_WARN_INT_CONVERSION = YES;
				CLANG_WARN_NON_LITERAL_NULL_CONVERSION = YES;
				CLANG_WARN_OBJC_IMPLICIT_RETAIN_SELF = YES;
				CLANG_WARN_OBJC_LITERAL_CONVERSION = YES;
				CLANG_WARN_OBJC_ROOT_CLASS = YES_ERROR;
				CLANG_WARN_RANGE_LOOP_ANALYSIS = YES;
				CLANG_WARN_STRICT_PROTOTYPES = YES;
				CLANG_WARN_SUSPICIOUS_MOVE = YES;
				CLANG_WARN_UNGUARDED_AVAILABILITY = YES_AGGRESSIVE;
				CLANG_WARN_UNREACHABLE_CODE = YES;
				CLANG_WARN__DUPLICATE_METHOD_MATCH = YES;
				COPY_PHASE_STRIP = NO;
				DEBUG_INFORMATION_FORMAT = "dwarf-with-dsym";
				ENABLE_NS_ASSERTIONS = NO;
				ENABLE_STRICT_OBJC_MSGSEND = YES;
				GCC_C_LANGUAGE_STANDARD = gnu11;
				GCC_NO_COMMON_BLOCKS = YES;
				GCC_WARN_64_TO_32_BIT_CONVERSION = YES;
				GCC_WARN_ABOUT_RETURN_TYPE = YES_ERROR;
				GCC_WARN_UNDECLARED_SELECTOR = YES;
				GCC_WARN_UNINITIALIZED_AUTOS = YES_AGGRESSIVE;
				GCC_WARN_UNUSED_FUNCTION = YES;
				GCC_WARN_UNUSED_VARIABLE = YES;
				IPHONEOS_DEPLOYMENT_TARGET = 11.0;
				MTL_ENABLE_DEBUG_INFO = NO;
				MTL_FAST_MATH = YES;
				SDKROOT = iphoneos;
				SWIFT_COMPILATION_MODE = wholemodule;
				SWIFT_OPTIMIZATION_LEVEL = "-O";
				VALIDATE_PRODUCT = YES;
			};
			name = Release;
		};
		CBE571E424337639006C5DFC /* Debug */ = {
			isa = XCBuildConfiguration;
			baseConfigurationReference = 667C8E9ABE8804FBD407FD09 /* Pods-TesseractKZ.debug.xcconfig */;
			buildSettings = {
				ASSETCATALOG_COMPILER_APPICON_NAME = AppIcon;
				CODE_SIGN_STYLE = Automatic;
				DEVELOPMENT_TEAM = BY7ECN7H2Y;
				INFOPLIST_FILE = TesseractKZ/Info.plist;
				IPHONEOS_DEPLOYMENT_TARGET = 11.0;
				LD_RUNPATH_SEARCH_PATHS = (
					"$(inherited)",
					"@executable_path/Frameworks",
				);
				PRODUCT_BUNDLE_IDENTIFIER = kz.zm.TesseractKZ;
				PRODUCT_NAME = "$(TARGET_NAME)";
				SWIFT_VERSION = 5.0;
				TARGETED_DEVICE_FAMILY = 1;
			};
			name = Debug;
		};
		CBE571E524337639006C5DFC /* Release */ = {
			isa = XCBuildConfiguration;
			baseConfigurationReference = DF0CC2A099C3C01761B7F3BC /* Pods-TesseractKZ.release.xcconfig */;
			buildSettings = {
				ASSETCATALOG_COMPILER_APPICON_NAME = AppIcon;
				CODE_SIGN_STYLE = Automatic;
				DEVELOPMENT_TEAM = BY7ECN7H2Y;
				INFOPLIST_FILE = TesseractKZ/Info.plist;
				IPHONEOS_DEPLOYMENT_TARGET = 11.0;
				LD_RUNPATH_SEARCH_PATHS = (
					"$(inherited)",
					"@executable_path/Frameworks",
				);
				PRODUCT_BUNDLE_IDENTIFIER = kz.zm.TesseractKZ;
				PRODUCT_NAME = "$(TARGET_NAME)";
				SWIFT_VERSION = 5.0;
				TARGETED_DEVICE_FAMILY = 1;
			};
			name = Release;
		};
/* End XCBuildConfiguration section */

/* Begin XCConfigurationList section */
		CBE571CA24337635006C5DFC /* Build configuration list for PBXProject "TesseractKZ" */ = {
			isa = XCConfigurationList;
			buildConfigurations = (
				CBE571E124337639006C5DFC /* Debug */,
				CBE571E224337639006C5DFC /* Release */,
			);
			defaultConfigurationIsVisible = 0;
			defaultConfigurationName = Release;
		};
		CBE571E324337639006C5DFC /* Build configuration list for PBXNativeTarget "TesseractKZ" */ = {
			isa = XCConfigurationList;
			buildConfigurations = (
				CBE571E424337639006C5DFC /* Debug */,
				CBE571E524337639006C5DFC /* Release */,
			);
			defaultConfigurationIsVisible = 0;
			defaultConfigurationName = Release;
		};
/* End XCConfigurationList section */
	};
	rootObject = CBE571C724337635006C5DFC /* Project object */;
}
